{
  "name": "cocos2d-html5",
  "lockfileVersion": 3,
  "requires": true,
  "packages": {
    "": {
      "dependencies": {
        "@techcross/ts-migrate": "^0.0.34",
        "typescript": "3.5.3"
      }
    },
    "node_modules/@techcross/ts-migrate": {
      "version": "0.0.34",
      "resolved": "https://npm.pkg.github.com/download/@techcross/ts-migrate/0.0.34/518c99c001fed96eff611d7754adbc0252b2af87",
      "integrity": "sha512-OfGejejvbQNDICofDEm/YqbJ687XUdZPsV9R3Kysi6hFfn1Tbn2YxDgResRW05P5c8WyuLN6u80rVBpmce43Qg==",
      "dependencies": {
        "typescript": "^5.8.3"
      }
    },
    "node_modules/@techcross/ts-migrate/node_modules/typescript": {
      "version": "5.8.3",
      "resolved": "https://registry.npmjs.org/typescript/-/typescript-5.8.3.tgz",
      "integrity": "sha512-p1diW6TqL9L07nNxvRMM7hMMw4c5XOo/1ibL4aAIGmSAt9slTE1Xgw5KWuof2uTOvCg9BY7ZRi+GaF+7sfgPeQ==",
      "bin": {
        "tsc": "bin/tsc",
        "tsserver": "bin/tsserver"
      },
      "engines": {
        "node": ">=14.17"
      }
    },
    "node_modules/typescript": {
      "version": "3.5.3",
      "resolved": "https://registry.npmjs.org/typescript/-/typescript-3.5.3.tgz",
      "integrity": "sha512-ACzBtm/PhXBDId6a6sDJfroT2pOWt/oOnk4/dElG5G33ZL776N3Y6/6bKZJBFpd+b05F3Ct9qDjMeJmRWtE2/g==",
      "license": "Apache-2.0",
      "bin": {
        "tsc": "bin/tsc",
        "tsserver": "bin/tsserver"
      },
      "engines": {
        "node": ">=4.2.0"
      }
    }
  }
}
