{
  "name": "cocos2d-html5",
  "lockfileVersion": 3,
  "requires": true,
  "packages": {
    "": {
      "dependencies": {
        "@techcross/ts-migrate": "^0.0.24"
      }
    },
    "node_modules/@techcross/ts-migrate": {
      "version": "0.0.24",
      "resolved": "https://registry.npmjs.org/@techcross/ts-migrate/-/ts-migrate-0.0.24.tgz",
      "integrity": "sha512-BbsFX4jGi8N28c8zqsDq/QexwGkzJPU4DeecHVWBHwDwHvQZjVyZrZl4rE+mGMCte3ddB4bO1d6jA4mdDOZptA==",
      "license": "MIT",
      "peerDependencies": {
        "typescript": "^5.0.0"
      }
    },
    "node_modules/typescript": {
      "version": "5.8.3",
      "resolved": "https://registry.npmjs.org/typescript/-/typescript-5.8.3.tgz",
      "integrity": "sha512-p1diW6TqL9L07nNxvRMM7hMMw4c5XOo/1ibL4aAIGmSAt9slTE1Xgw5KWuof2uTOvCg9BY7ZRi+GaF+7sfgPeQ==",
      "license": "Apache-2.0",
      "peer": true,
      "bin": {
        "tsc": "bin/tsc",
        "tsserver": "bin/tsserver"
      },
      "engines": {
        "node": ">=14.17"
      }
    }
  }
}
